
Microsoft Visual Studio Solution File, Format Version 12.00
# Visual Studio 2012
Project("{8BC9CEB8-8B4A-11D0-8D11-00A0C91BC942}") = "CrFileVerInfoW", "CrFileVerInfo.Far2.vcxproj", "{52453DF8-A7F3-4FC7-94EF-AE57331CFD11}"
EndProject
Project("{8BC9CEB8-8B4A-11D0-8D11-00A0C91BC942}") = "CrFileVerInfoW3", "CrFileVerInfo.Far3.vcxproj", "{DF9DF350-1F15-44DA-84C2-DFFE4080DC17}"
EndProject
Project("{8BC9CEB8-8B4A-11D0-8D11-00A0C91BC942}") = "CrFileVerInfo", "CrFileVerInfo.Far1.vcxproj", "{5A85386E-6680-41F1-9469-157DF14D19A1}"
EndProject
Project("{2150E333-8FDC-42A3-9474-1A3956D46DE8}") = "Solution Items", "Solution Items", "{6FDB9463-CFC3-4C15-8A90-DE368595BCC5}"
	ProjectSection(SolutionItems) = preProject
		file_id.diz = file_id.diz
		History.txt = History.txt
		Renewal.xml = Renewal.xml
	EndProjectSection
EndProject
Global
	GlobalSection(SolutionConfigurationPlatforms) = preSolution
		Debug|x64 = Debug|x64
		Debug|x86 = Debug|x86
		Release|x64 = Release|x64
		Release|x86 = Release|x86
	EndGlobalSection
	GlobalSection(ProjectConfigurationPlatforms) = postSolution
		{52453DF8-A7F3-4FC7-94EF-AE57331CFD11}.Debug|x64.ActiveCfg = Debug|x64
		{52453DF8-A7F3-4FC7-94EF-AE57331CFD11}.Debug|x64.Build.0 = Debug|x64
		{52453DF8-A7F3-4FC7-94EF-AE57331CFD11}.Debug|x86.ActiveCfg = Debug|Win32
		{52453DF8-A7F3-4FC7-94EF-AE57331CFD11}.Debug|x86.Build.0 = Debug|Win32
		{52453DF8-A7F3-4FC7-94EF-AE57331CFD11}.Release|x64.ActiveCfg = Release|x64
		{52453DF8-A7F3-4FC7-94EF-AE57331CFD11}.Release|x64.Build.0 = Release|x64
		{52453DF8-A7F3-4FC7-94EF-AE57331CFD11}.Release|x86.ActiveCfg = Release|Win32
		{52453DF8-A7F3-4FC7-94EF-AE57331CFD11}.Release|x86.Build.0 = Release|Win32
		{DF9DF350-1F15-44DA-84C2-DFFE4080DC17}.Debug|x64.ActiveCfg = Debug|x64
		{DF9DF350-1F15-44DA-84C2-DFFE4080DC17}.Debug|x64.Build.0 = Debug|x64
		{DF9DF350-1F15-44DA-84C2-DFFE4080DC17}.Debug|x86.ActiveCfg = Debug|Win32
		{DF9DF350-1F15-44DA-84C2-DFFE4080DC17}.Debug|x86.Build.0 = Debug|Win32
		{DF9DF350-1F15-44DA-84C2-DFFE4080DC17}.Release|x64.ActiveCfg = Release|x64
		{DF9DF350-1F15-44DA-84C2-DFFE4080DC17}.Release|x64.Build.0 = Release|x64
		{DF9DF350-1F15-44DA-84C2-DFFE4080DC17}.Release|x86.ActiveCfg = Release|Win32
		{DF9DF350-1F15-44DA-84C2-DFFE4080DC17}.Release|x86.Build.0 = Release|Win32
		{5A85386E-6680-41F1-9469-157DF14D19A1}.Debug|x64.ActiveCfg = Debug|x64
		{5A85386E-6680-41F1-9469-157DF14D19A1}.Debug|x64.Build.0 = Debug|x64
		{5A85386E-6680-41F1-9469-157DF14D19A1}.Debug|x86.ActiveCfg = Debug|Win32
		{5A85386E-6680-41F1-9469-157DF14D19A1}.Debug|x86.Build.0 = Debug|Win32
		{5A85386E-6680-41F1-9469-157DF14D19A1}.Release|x64.ActiveCfg = Release|x64
		{5A85386E-6680-41F1-9469-157DF14D19A1}.Release|x64.Build.0 = Release|x64
		{5A85386E-6680-41F1-9469-157DF14D19A1}.Release|x86.ActiveCfg = Release|Win32
		{5A85386E-6680-41F1-9469-157DF14D19A1}.Release|x86.Build.0 = Release|Win32
	EndGlobalSection
	GlobalSection(SolutionProperties) = preSolution
		HideSolutionNode = FALSE
	EndGlobalSection
EndGlobal
